
Microsoft Visual Studio Solution File, Format Version 12.00
# Visual Studio Version 16
VisualStudioVersion = 16.0.30114.105
MinimumVisualStudioVersion = 10.0.40219.1
Project("{FAE04EC0-301F-11D3-BF4B-00C04F79EFBC}") = "EditorConfig", "EditorConfig\EditorConfig.csproj", "{DB0A15C5-9DFE-4D41-A46F-B7BF1B8234A5}"
EndProject
Global
	GlobalSection(SolutionConfigurationPlatforms) = preSolution
		Debug|Any CPU = Debug|Any CPU
		Release|Any CPU = Release|Any CPU
	EndGlobalSection
	GlobalSection(ProjectConfigurationPlatforms) = postSolution
		{DB0A15C5-9DFE-4D41-A46F-B7BF1B8234A5}.Debug|Any CPU.ActiveCfg = Debug|Any CPU
		{DB0A15C5-9DFE-4D41-A46F-B7BF1B8234A5}.Debug|Any CPU.Build.0 = Debug|Any CPU
		{DB0A15C5-9DFE-4D41-A46F-B7BF1B8234A5}.Release|Any CPU.ActiveCfg = Release|Any CPU
		{DB0A15C5-9DFE-4D41-A46F-B7BF1B8234A5}.Release|Any CPU.Build.0 = Release|Any CPU
	EndGlobalSection
	GlobalSection(SolutionProperties) = preSolution
		HideSolutionNode = FALSE
	EndGlobalSection
	GlobalSection(ExtensibilityGlobals) = postSolution
		SolutionGuid = {D36FB09D-EA2B-40C1-A1AE-22747681BBCB}
	EndGlobalSection
EndGlobal
